github.com/StackExchange/wmi v0.0.0-20210224194228-fe8f1750fd46 h1:5sXbqlSomvdjlRbWyNqkPsJ3Fg+tQZCbgeX1VGljbQY=
github.com/StackExchange/wmi v0.0.0-20210224194228-fe8f1750fd46/go.mod h1:3eOhrUMpNV+6aFIbp5/iudMxNCF27Vw2OZgy4xEx0Fg=
github.com/buildkite/interpolate v0.0.0-20200526001904-07f35b4ae251 h1:k6UDF1uPYOs0iy1HPeotNa155qXRWrzKnqAaGXHLZCE=
github.com/buildkite/interpolate v0.0.0-20200526001904-07f35b4ae251/go.mod h1:gbPR1gPu9dB96mucYIR7T3B7p/78hRVSOuzIWLHK2Y4=
github.com/go-ole/go-ole v1.2.5 h1:t4MGB5xEDZvXI+0rMjjsfBsD7yAgp/s9ZDkL1JndXwY=
github.com/go-ole/go-ole v1.2.5/go.mod h1:pprOEPIfldk/42T2oK7lQ4v4JSDwmV0As9GaiUsvbm0=
github.com/gonutz/w32/v2 v2.2.1 h1:OZj3YFJPlZ29VgVldt3IF3s1iHJiozmWu5CrCtvwypA=
github.com/gonutz/w32/v2 v2.2.1/go.mod h1:MgtHx0AScDVNKyB+kjyPder4xIi3XAcHS6LDDU2DmdE=
github.com/shirou/gopsutil v3.21.6+incompatible h1:mmZtAlWSd8U2HeRTjswbnDLPxqsEoK01NK+GZ1P+nEM=
github.com/shirou/gopsutil v3.21.6+incompatible/go.mod h1:5b4v6he4MtMOwMlS0TUMTu2PcXUg8+E1lC7eC3UO/RA=
golang.org/x/sys v0.0.0-20190916202348-b4ddaad3f8a3 h1:7TYNF4UdlohbFwpNH04CoPMp1cHUZgO1Ebq5r2hIjfo=
golang.org/x/sys v0.0.0-20190916202348-b4ddaad3f8a3/go.mod h1:h1NjWce9XRLGQEsW7wpKNCjG9DtNlClVuFLEZdDNbEs=
